
Microsoft Visual Studio Solution File, Format Version 12.00
# Visual Studio Version 17
VisualStudioVersion = 17.5.33627.172
MinimumVisualStudioVersion = 10.0.40219.1
Project("{FAE04EC0-301F-11D3-BF4B-00C04F79EFBC}") = "Hospital", "Hospital\Hospital.csproj", "{1F30C1FD-B47B-460E-83FE-BA0F86F82026}"
EndProject
Project("{FAE04EC0-301F-11D3-BF4B-00C04F79EFBC}") = "Hospital1", "Hospital1\Hospital1.csproj", "{38B19FB2-8922-4B5C-A2BF-9CB56DBB5676}"
EndProject
Global
	GlobalSection(SolutionConfigurationPlatforms) = preSolution
		Debug|Any CPU = Debug|Any CPU
		Release|Any CPU = Release|Any CPU
	EndGlobalSection
	GlobalSection(ProjectConfigurationPlatforms) = postSolution
		{1F30C1FD-B47B-460E-83FE-BA0F86F82026}.Debug|Any CPU.ActiveCfg = Debug|Any CPU
		{1F30C1FD-B47B-460E-83FE-BA0F86F82026}.Debug|Any CPU.Build.0 = Debug|Any CPU
		{1F30C1FD-B47B-460E-83FE-BA0F86F82026}.Release|Any CPU.ActiveCfg = Release|Any CPU
		{1F30C1FD-B47B-460E-83FE-BA0F86F82026}.Release|Any CPU.Build.0 = Release|Any CPU
		{38B19FB2-8922-4B5C-A2BF-9CB56DBB5676}.Debug|Any CPU.ActiveCfg = Debug|Any CPU
		{38B19FB2-8922-4B5C-A2BF-9CB56DBB5676}.Debug|Any CPU.Build.0 = Debug|Any CPU
		{38B19FB2-8922-4B5C-A2BF-9CB56DBB5676}.Release|Any CPU.ActiveCfg = Release|Any CPU
		{38B19FB2-8922-4B5C-A2BF-9CB56DBB5676}.Release|Any CPU.Build.0 = Release|Any CPU
	EndGlobalSection
	GlobalSection(SolutionProperties) = preSolution
		HideSolutionNode = FALSE
	EndGlobalSection
	GlobalSection(ExtensibilityGlobals) = postSolution
		SolutionGuid = {E8DB4FD0-05B4-4EAA-A90E-E0AF5B758E60}
	EndGlobalSection
EndGlobal
